{
  "nodes": {
    "flake-utils": {
      "locked": {
        "lastModified": 1758562930,
        "narHash": "sha256-pXTuZ7zK7Mw/Di4K0Z/XJHm+iP0Lx0N8pfPc0cqcPsE=",
        "owner": "SpiralP",
        "repo": "nix-flake-utils",
        "rev": "7ae99e77aa9506ed0d68b8ea9ad4a0ae5f57e98c",
        "type": "github"
      },
      "original": {
        "owner": "SpiralP",
        "repo": "nix-flake-utils",
        "type": "github"
      }
    },
    "nixpkgs": {
      "locked": {
        "lastModified": 1778430510,
        "narHash": "sha256-Ti+ZBvW6yrWWAg2szExVTwCd4qOJ3KlVr1tFHfyfi8Q=",
        "owner": "NixOS",
        "repo": "nixpkgs",
        "rev": "8fd9daa3db09ced9700431c5b7ad0e8ba199b575",
        "type": "github"
      },
      "original": {
        "owner": "NixOS",
        "ref": "nixos-25.11",
        "repo": "nixpkgs",
        "type": "github"
      }
    },
    "root": {
      "inputs": {
        "flake-utils": "flake-utils",
        "nixpkgs": "nixpkgs"
      }
    }
  },
  "root": "root",
  "version": 7
}
